
Microsoft Visual Studio Solution File, Format Version 12.00
# Visual Studio Version 17
VisualStudioVersion = 17.14.36623.8 d17.14
MinimumVisualStudioVersion = 10.0.40219.1
Project("{8BC9CEB8-8B4A-11D0-8D11-00A0C91BC942}") = "File_System_Simulation", "File_System_Simulation\File_System_Simulation.vcxproj", "{B003B2DE-807C-4766-83BF-451617806113}"
EndProject
Global
	GlobalSection(SolutionConfigurationPlatforms) = preSolution
		Debug|x64 = Debug|x64
		Debug|x86 = Debug|x86
		Release|x64 = Release|x64
		Release|x86 = Release|x86
	EndGlobalSection
	GlobalSection(ProjectConfigurationPlatforms) = postSolution
		{B003B2DE-807C-4766-83BF-451617806113}.Debug|x64.ActiveCfg = Debug|x64
		{B003B2DE-807C-4766-83BF-451617806113}.Debug|x64.Build.0 = Debug|x64
		{B003B2DE-807C-4766-83BF-451617806113}.Debug|x86.ActiveCfg = Debug|Win32
		{B003B2DE-807C-4766-83BF-451617806113}.Debug|x86.Build.0 = Debug|Win32
		{B003B2DE-807C-4766-83BF-451617806113}.Release|x64.ActiveCfg = Release|x64
		{B003B2DE-807C-4766-83BF-451617806113}.Release|x64.Build.0 = Release|x64
		{B003B2DE-807C-4766-83BF-451617806113}.Release|x86.ActiveCfg = Release|Win32
		{B003B2DE-807C-4766-83BF-451617806113}.Release|x86.Build.0 = Release|Win32
	EndGlobalSection
	GlobalSection(SolutionProperties) = preSolution
		HideSolutionNode = FALSE
	EndGlobalSection
	GlobalSection(ExtensibilityGlobals) = postSolution
		SolutionGuid = {71DC678B-C4FD-4DB8-A8B1-3F202661CDCD}
	EndGlobalSection
EndGlobal
